<?xml version="1.0" encoding="utf-8"?>
<Project ToolsVersion="4.0" xmlns="http://schemas.microsoft.com/developer/msbuild/2003">
  <ItemGroup>
    <Filter Include="ソース ファイル">
      <UniqueIdentifier>{4FC737F1-C7A5-4376-A066-2A32D752A2FF}</UniqueIdentifier>
      <Extensions>cpp;c;cc;cxx;def;odl;idl;hpj;bat;asm;asmx</Extensions>
    </Filter>
    <Filter Include="ヘッダー ファイル">
      <UniqueIdentifier>{93995380-89BD-4b04-88EB-625FBE52EBFB}</UniqueIdentifier>
      <Extensions>h;hh;hpp;hxx;hm;inl;inc;xsd</Extensions>
    </Filter>
    <Filter Include="リソース ファイル">
      <UniqueIdentifier>{67DA6AB6-F800-4c08-8B7A-83BB121AAD01}</UniqueIdentifier>
      <Extensions>rc;ico;cur;bmp;dlg;rc2;rct;bin;rgs;gif;jpg;jpeg;jpe;resx;tiff;tif;png;wav;mfcribbon-ms</Extensions>
    </Filter>
    <Filter Include="ヘッダー ファイル\Game">
      <UniqueIdentifier>{8c52d804-1bb4-4764-9740-569627501c0f}</UniqueIdentifier>
    </Filter>
    <Filter Include="ソース ファイル\game">
      <UniqueIdentifier>{0f389873-ea87-4875-b4da-40e31412507d}</UniqueIdentifier>
    </Filter>
    <Filter Include="ソース ファイル\game\UI">
      <UniqueIdentifier>{e7299998-552d-4c6c-bb6c-698ee5451f9a}</UniqueIdentifier>
    </Filter>
    <Filter Include="ソース ファイル\game\Bullet">
      <UniqueIdentifier>{ee51b2a7-de37-4ea1-ad33-b3dad997769b}</UniqueIdentifier>
    </Filter>
    <Filter Include="ソース ファイル\game\Enemy">
      <UniqueIdentifier>{e11b88a5-159c-45a3-922d-2919ab08ddcd}</UniqueIdentifier>
    </Filter>
    <Filter Include="ソース ファイル\game\Player">
      <UniqueIdentifier>{6bec7c4c-9311-4dfb-902b-1fc426995fec}</UniqueIdentifier>
    </Filter>
    <Filter Include="ヘッダー ファイル\Game\Bullet">
      <UniqueIdentifier>{840d4bd3-cd80-4d72-8bad-9e40d0606505}</UniqueIdentifier>
    </Filter>
    <Filter Include="ヘッダー ファイル\Game\Enemy">
      <UniqueIdentifier>{0294dba9-0091-4738-b8e0-a0f33ee1760a}</UniqueIdentifier>
    </Filter>
    <Filter Include="ヘッダー ファイル\Game\Player">
      <UniqueIdentifier>{93c30d6f-52a6-4841-9d56-f7e1bc18bfcf}</UniqueIdentifier>
    </Filter>
    <Filter Include="ヘッダー ファイル\Game\UI">
      <UniqueIdentifier>{f75810fa-03b0-416e-a65d-dd30b5745ffe}</UniqueIdentifier>
    </Filter>
    <Filter Include="ヘッダー ファイル\Game\Game scene">
      <UniqueIdentifier>{8aa07a35-2919-4a7a-9908-007906520011}</UniqueIdentifier>
    </Filter>
    <Filter Include="ソース ファイル\game\Game scene">
      <UniqueIdentifier>{f0c52e5f-af12-49b3-af7c-c3e96b2f0509}</UniqueIdentifier>
    </Filter>
  </ItemGroup>
  <ItemGroup>
    <ClCompile Include="bg.cpp">
      <Filter>ソース ファイル</Filter>
    </ClCompile>
    <ClCompile Include="dinput_keyboard.cpp">
      <Filter>ソース ファイル</Filter>
    </ClCompile>
    <ClCompile Include="explosion.cpp">
      <Filter>ソース ファイル</Filter>
    </ClCompile>
    <ClCompile Include="fade.cpp">
      <Filter>ソース ファイル</Filter>
    </ClCompile>
    <ClCompile Include="input.cpp">
      <Filter>ソース ファイル</Filter>
    </ClCompile>
    <ClCompile Include="main.cpp">
      <Filter>ソース ファイル</Filter>
    </ClCompile>
    <ClCompile Include="manager.cpp">
      <Filter>ソース ファイル</Filter>
    </ClCompile>
    <ClCompile Include="renderer.cpp">
      <Filter>ソース ファイル</Filter>
    </ClCompile>
    <ClCompile Include="result.cpp">
      <Filter>ソース ファイル</Filter>
    </ClCompile>
    <ClCompile Include="scene.cpp">
      <Filter>ソース ファイル</Filter>
    </ClCompile>
    <ClCompile Include="scene2D.cpp">
      <Filter>ソース ファイル</Filter>
    </ClCompile>
    <ClCompile Include="score.cpp">
      <Filter>ソース ファイル</Filter>
    </ClCompile>
    <ClCompile Include="sound.cpp">
      <Filter>ソース ファイル</Filter>
    </ClCompile>
    <ClCompile Include="title.cpp">
      <Filter>ソース ファイル</Filter>
    </ClCompile>
    <ClCompile Include="tutorial.cpp">
      <Filter>ソース ファイル</Filter>
    </ClCompile>
    <ClCompile Include="power.cpp">
      <Filter>ソース ファイル</Filter>
    </ClCompile>
    <ClCompile Include="enemy.cpp">
      <Filter>ソース ファイル\game\Enemy</Filter>
    </ClCompile>
    <ClCompile Include="lifeboss.cpp">
      <Filter>ソース ファイル\game\Enemy</Filter>
    </ClCompile>
    <ClCompile Include="lifegauge.cpp">
      <Filter>ソース ファイル\game\Enemy</Filter>
    </ClCompile>
    <ClCompile Include="player.cpp">
      <Filter>ソース ファイル\game\Player</Filter>
    </ClCompile>
    <ClCompile Include="polygon.cpp">
      <Filter>ソース ファイル\game\Player</Filter>
    </ClCompile>
    <ClCompile Include="bullet.cpp">
      <Filter>ソース ファイル\game\Bullet</Filter>
    </ClCompile>
    <ClCompile Include="normal_bullet.cpp">
      <Filter>ソース ファイル\game\Bullet</Filter>
    </ClCompile>
    <ClCompile Include="bomb.cpp">
      <Filter>ソース ファイル\game\UI</Filter>
    </ClCompile>
    <ClCompile Include="number.cpp">
      <Filter>ソース ファイル\game\UI</Filter>
    </ClCompile>
    <ClCompile Include="game_screen.cpp">
      <Filter>ソース ファイル\game\Game scene</Filter>
    </ClCompile>
    <ClCompile Include="pause.cpp">
      <Filter>ソース ファイル\game\Game scene</Filter>
    </ClCompile>
    <ClCompile Include="game.cpp">
      <Filter>ソース ファイル\game\Game scene</Filter>
    </ClCompile>
    <ClCompile Include="life.cpp">
      <Filter>ソース ファイル\game\UI</Filter>
    </ClCompile>
    <ClCompile Include="item.cpp">
      <Filter>ソース ファイル\game\UI</Filter>
    </ClCompile>
    <ClCompile Include="light.cpp">
      <Filter>ソース ファイル</Filter>
    </ClCompile>
    <ClCompile Include="camera.cpp">
      <Filter>ソース ファイル</Filter>
    </ClCompile>
    <ClCompile Include="sceneX.cpp">
      <Filter>ソース ファイル</Filter>
    </ClCompile>
    <ClCompile Include="scene3D.cpp">
      <Filter>ソース ファイル</Filter>
    </ClCompile>
    <ClCompile Include="gamebg3D.cpp">
      <Filter>ソース ファイル</Filter>
    </ClCompile>
    <ClCompile Include="logo.cpp">
      <Filter>ソース ファイル\game\UI</Filter>
    </ClCompile>
  </ItemGroup>
  <ItemGroup>
    <ClInclude Include="bg.h">
      <Filter>ヘッダー ファイル</Filter>
    </ClInclude>
    <ClInclude Include="dinput_keyboard.h">
      <Filter>ヘッダー ファイル</Filter>
    </ClInclude>
    <ClInclude Include="explosion.h">
      <Filter>ヘッダー ファイル</Filter>
    </ClInclude>
    <ClInclude Include="fade.h">
      <Filter>ヘッダー ファイル</Filter>
    </ClInclude>
    <ClInclude Include="input.h">
      <Filter>ヘッダー ファイル</Filter>
    </ClInclude>
    <ClInclude Include="main.h">
      <Filter>ヘッダー ファイル</Filter>
    </ClInclude>
    <ClInclude Include="manager.h">
      <Filter>ヘッダー ファイル</Filter>
    </ClInclude>
    <ClInclude Include="number.h">
      <Filter>ヘッダー ファイル</Filter>
    </ClInclude>
    <ClInclude Include="renderer.h">
      <Filter>ヘッダー ファイル</Filter>
    </ClInclude>
    <ClInclude Include="result.h">
      <Filter>ヘッダー ファイル</Filter>
    </ClInclude>
    <ClInclude Include="scene.h">
      <Filter>ヘッダー ファイル</Filter>
    </ClInclude>
    <ClInclude Include="scene2D.h">
      <Filter>ヘッダー ファイル</Filter>
    </ClInclude>
    <ClInclude Include="score.h">
      <Filter>ヘッダー ファイル</Filter>
    </ClInclude>
    <ClInclude Include="sound.h">
      <Filter>ヘッダー ファイル</Filter>
    </ClInclude>
    <ClInclude Include="title.h">
      <Filter>ヘッダー ファイル</Filter>
    </ClInclude>
    <ClInclude Include="tutorial.h">
      <Filter>ヘッダー ファイル</Filter>
    </ClInclude>
    <ClInclude Include="bullet.h">
      <Filter>ヘッダー ファイル\Game\Bullet</Filter>
    </ClInclude>
    <ClInclude Include="normal_bullet.h">
      <Filter>ヘッダー ファイル\Game\Bullet</Filter>
    </ClInclude>
    <ClInclude Include="enemy.h">
      <Filter>ヘッダー ファイル\Game\Enemy</Filter>
    </ClInclude>
    <ClInclude Include="lifegauge.h">
      <Filter>ヘッダー ファイル\Game\Enemy</Filter>
    </ClInclude>
    <ClInclude Include="lifeboss.h">
      <Filter>ヘッダー ファイル\Game\Enemy</Filter>
    </ClInclude>
    <ClInclude Include="game.h">
      <Filter>ヘッダー ファイル\Game\Game scene</Filter>
    </ClInclude>
    <ClInclude Include="game_screen.h">
      <Filter>ヘッダー ファイル\Game\Game scene</Filter>
    </ClInclude>
    <ClInclude Include="pause.h">
      <Filter>ヘッダー ファイル\Game\Game scene</Filter>
    </ClInclude>
    <ClInclude Include="polygon.h">
      <Filter>ヘッダー ファイル\Game\Player</Filter>
    </ClInclude>
    <ClInclude Include="player.h">
      <Filter>ヘッダー ファイル\Game\Player</Filter>
    </ClInclude>
    <ClInclude Include="bomb.h">
      <Filter>ヘッダー ファイル\Game\UI</Filter>
    </ClInclude>
    <ClInclude Include="powerr.h">
      <Filter>ヘッダー ファイル\Game\UI</Filter>
    </ClInclude>
    <ClInclude Include="item.h">
      <Filter>ヘッダー ファイル\Game\UI</Filter>
    </ClInclude>
    <ClInclude Include="life.h">
      <Filter>ヘッダー ファイル\Game\UI</Filter>
    </ClInclude>
    <ClInclude Include="camera.h">
      <Filter>ヘッダー ファイル</Filter>
    </ClInclude>
    <ClInclude Include="light.h">
      <Filter>ヘッダー ファイル</Filter>
    </ClInclude>
    <ClInclude Include="sceneX.h">
      <Filter>ヘッダー ファイル</Filter>
    </ClInclude>
    <ClInclude Include="scene3D.h">
      <Filter>ヘッダー ファイル</Filter>
    </ClInclude>
    <ClInclude Include="gamebg3D.h">
      <Filter>ヘッダー ファイル</Filter>
    </ClInclude>
    <ClInclude Include="logo.h">
      <Filter>ヘッダー ファイル\Game\UI</Filter>
    </ClInclude>
  </ItemGroup>
</Project>